
Microsoft Visual Studio Solution File, Format Version 12.00
# Visual Studio Version 17
VisualStudioVersion = 17.0.31903.59
MinimumVisualStudioVersion = 10.0.40219.1
Project("{FAE04EC0-301F-11D3-BF4B-00C04F79EFBC}") = "Gipro.Core", "Gipro.Core\Gipro.Core.csproj", "{EC63AAE6-8D9C-48B5-8E79-EA77C056AF78}"
EndProject
Project("{FAE04EC0-301F-11D3-BF4B-00C04F79EFBC}") = "Gipro.Application", "Gipro.Application\Gipro.Application.csproj", "{52560766-D84E-4006-8ECA-8953876FF7BE}"
EndProject
Project("{FAE04EC0-301F-11D3-BF4B-00C04F79EFBC}") = "Gipro.Infrastructure", "Gipro.Infrastructure\Gipro.Infrastructure.csproj", "{69F2B801-21D8-4264-B333-3812E955C92C}"
EndProject
Project("{FAE04EC0-301F-11D3-BF4B-00C04F79EFBC}") = "Gipro.API", "Gipro.API\Gipro.API.csproj", "{DC970394-02E2-418B-81CF-8FA43D1D7DCE}"
EndProject
Project("{FAE04EC0-301F-11D3-BF4B-00C04F79EFBC}") = "Gipro.Web", "Gipro.Web\Gipro.Web.csproj", "{AF912871-55E6-4CC4-9D0B-0A787A8A5C74}"
EndProject
Global
	GlobalSection(SolutionConfigurationPlatforms) = preSolution
		Debug|Any CPU = Debug|Any CPU
		Debug|x64 = Debug|x64
		Debug|x86 = Debug|x86
		Release|Any CPU = Release|Any CPU
		Release|x64 = Release|x64
		Release|x86 = Release|x86
	EndGlobalSection
	GlobalSection(ProjectConfigurationPlatforms) = postSolution
		{EC63AAE6-8D9C-48B5-8E79-EA77C056AF78}.Debug|Any CPU.ActiveCfg = Debug|Any CPU
		{EC63AAE6-8D9C-48B5-8E79-EA77C056AF78}.Debug|Any CPU.Build.0 = Debug|Any CPU
		{EC63AAE6-8D9C-48B5-8E79-EA77C056AF78}.Debug|x64.ActiveCfg = Debug|Any CPU
		{EC63AAE6-8D9C-48B5-8E79-EA77C056AF78}.Debug|x64.Build.0 = Debug|Any CPU
		{EC63AAE6-8D9C-48B5-8E79-EA77C056AF78}.Debug|x86.ActiveCfg = Debug|Any CPU
		{EC63AAE6-8D9C-48B5-8E79-EA77C056AF78}.Debug|x86.Build.0 = Debug|Any CPU
		{EC63AAE6-8D9C-48B5-8E79-EA77C056AF78}.Release|Any CPU.ActiveCfg = Release|Any CPU
		{EC63AAE6-8D9C-48B5-8E79-EA77C056AF78}.Release|Any CPU.Build.0 = Release|Any CPU
		{EC63AAE6-8D9C-48B5-8E79-EA77C056AF78}.Release|x64.ActiveCfg = Release|Any CPU
		{EC63AAE6-8D9C-48B5-8E79-EA77C056AF78}.Release|x64.Build.0 = Release|Any CPU
		{EC63AAE6-8D9C-48B5-8E79-EA77C056AF78}.Release|x86.ActiveCfg = Release|Any CPU
		{EC63AAE6-8D9C-48B5-8E79-EA77C056AF78}.Release|x86.Build.0 = Release|Any CPU
		{52560766-D84E-4006-8ECA-8953876FF7BE}.Debug|Any CPU.ActiveCfg = Debug|Any CPU
		{52560766-D84E-4006-8ECA-8953876FF7BE}.Debug|Any CPU.Build.0 = Debug|Any CPU
		{52560766-D84E-4006-8ECA-8953876FF7BE}.Debug|x64.ActiveCfg = Debug|Any CPU
		{52560766-D84E-4006-8ECA-8953876FF7BE}.Debug|x64.Build.0 = Debug|Any CPU
		{52560766-D84E-4006-8ECA-8953876FF7BE}.Debug|x86.ActiveCfg = Debug|Any CPU
		{52560766-D84E-4006-8ECA-8953876FF7BE}.Debug|x86.Build.0 = Debug|Any CPU
		{52560766-D84E-4006-8ECA-8953876FF7BE}.Release|Any CPU.ActiveCfg = Release|Any CPU
		{52560766-D84E-4006-8ECA-8953876FF7BE}.Release|Any CPU.Build.0 = Release|Any CPU
		{52560766-D84E-4006-8ECA-8953876FF7BE}.Release|x64.ActiveCfg = Release|Any CPU
		{52560766-D84E-4006-8ECA-8953876FF7BE}.Release|x64.Build.0 = Release|Any CPU
		{52560766-D84E-4006-8ECA-8953876FF7BE}.Release|x86.ActiveCfg = Release|Any CPU
		{52560766-D84E-4006-8ECA-8953876FF7BE}.Release|x86.Build.0 = Release|Any CPU
		{69F2B801-21D8-4264-B333-3812E955C92C}.Debug|Any CPU.ActiveCfg = Debug|Any CPU
		{69F2B801-21D8-4264-B333-3812E955C92C}.Debug|Any CPU.Build.0 = Debug|Any CPU
		{69F2B801-21D8-4264-B333-3812E955C92C}.Debug|x64.ActiveCfg = Debug|Any CPU
		{69F2B801-21D8-4264-B333-3812E955C92C}.Debug|x64.Build.0 = Debug|Any CPU
		{69F2B801-21D8-4264-B333-3812E955C92C}.Debug|x86.ActiveCfg = Debug|Any CPU
		{69F2B801-21D8-4264-B333-3812E955C92C}.Debug|x86.Build.0 = Debug|Any CPU
		{69F2B801-21D8-4264-B333-3812E955C92C}.Release|Any CPU.ActiveCfg = Release|Any CPU
		{69F2B801-21D8-4264-B333-3812E955C92C}.Release|Any CPU.Build.0 = Release|Any CPU
		{69F2B801-21D8-4264-B333-3812E955C92C}.Release|x64.ActiveCfg = Release|Any CPU
		{69F2B801-21D8-4264-B333-3812E955C92C}.Release|x64.Build.0 = Release|Any CPU
		{69F2B801-21D8-4264-B333-3812E955C92C}.Release|x86.ActiveCfg = Release|Any CPU
		{69F2B801-21D8-4264-B333-3812E955C92C}.Release|x86.Build.0 = Release|Any CPU
		{DC970394-02E2-418B-81CF-8FA43D1D7DCE}.Debug|Any CPU.ActiveCfg = Debug|Any CPU
		{DC970394-02E2-418B-81CF-8FA43D1D7DCE}.Debug|Any CPU.Build.0 = Debug|Any CPU
		{DC970394-02E2-418B-81CF-8FA43D1D7DCE}.Debug|x64.ActiveCfg = Debug|Any CPU
		{DC970394-02E2-418B-81CF-8FA43D1D7DCE}.Debug|x64.Build.0 = Debug|Any CPU
		{DC970394-02E2-418B-81CF-8FA43D1D7DCE}.Debug|x86.ActiveCfg = Debug|Any CPU
		{DC970394-02E2-418B-81CF-8FA43D1D7DCE}.Debug|x86.Build.0 = Debug|Any CPU
		{DC970394-02E2-418B-81CF-8FA43D1D7DCE}.Release|Any CPU.ActiveCfg = Release|Any CPU
		{DC970394-02E2-418B-81CF-8FA43D1D7DCE}.Release|Any CPU.Build.0 = Release|Any CPU
		{DC970394-02E2-418B-81CF-8FA43D1D7DCE}.Release|x64.ActiveCfg = Release|Any CPU
		{DC970394-02E2-418B-81CF-8FA43D1D7DCE}.Release|x64.Build.0 = Release|Any CPU
		{DC970394-02E2-418B-81CF-8FA43D1D7DCE}.Release|x86.ActiveCfg = Release|Any CPU
		{DC970394-02E2-418B-81CF-8FA43D1D7DCE}.Release|x86.Build.0 = Release|Any CPU
		{AF912871-55E6-4CC4-9D0B-0A787A8A5C74}.Debug|Any CPU.ActiveCfg = Debug|Any CPU
		{AF912871-55E6-4CC4-9D0B-0A787A8A5C74}.Debug|Any CPU.Build.0 = Debug|Any CPU
		{AF912871-55E6-4CC4-9D0B-0A787A8A5C74}.Debug|x64.ActiveCfg = Debug|Any CPU
		{AF912871-55E6-4CC4-9D0B-0A787A8A5C74}.Debug|x64.Build.0 = Debug|Any CPU
		{AF912871-55E6-4CC4-9D0B-0A787A8A5C74}.Debug|x86.ActiveCfg = Debug|Any CPU
		{AF912871-55E6-4CC4-9D0B-0A787A8A5C74}.Debug|x86.Build.0 = Debug|Any CPU
		{AF912871-55E6-4CC4-9D0B-0A787A8A5C74}.Release|Any CPU.ActiveCfg = Release|Any CPU
		{AF912871-55E6-4CC4-9D0B-0A787A8A5C74}.Release|Any CPU.Build.0 = Release|Any CPU
		{AF912871-55E6-4CC4-9D0B-0A787A8A5C74}.Release|x64.ActiveCfg = Release|Any CPU
		{AF912871-55E6-4CC4-9D0B-0A787A8A5C74}.Release|x64.Build.0 = Release|Any CPU
		{AF912871-55E6-4CC4-9D0B-0A787A8A5C74}.Release|x86.ActiveCfg = Release|Any CPU
		{AF912871-55E6-4CC4-9D0B-0A787A8A5C74}.Release|x86.Build.0 = Release|Any CPU
	EndGlobalSection
	GlobalSection(SolutionProperties) = preSolution
		HideSolutionNode = FALSE
	EndGlobalSection
EndGlobal
